
Microsoft Visual Studio Solution File, Format Version 12.00
# Visual Studio Version 16
VisualStudioVersion = 16.0.29102.190
MinimumVisualStudioVersion = 10.0.40219.1
Project("{FAE04EC0-301F-11D3-BF4B-00C04F79EFBC}") = "LAP2PHU", "LAP2PHU\LAP2PHU.csproj", "{41ECE6FE-64B8-473F-AF72-4016A2EAE763}"
EndProject
Global
	GlobalSection(SolutionConfigurationPlatforms) = preSolution
		Debug|Any CPU = Debug|Any CPU
		Release|Any CPU = Release|Any CPU
	EndGlobalSection
	GlobalSection(ProjectConfigurationPlatforms) = postSolution
		{41ECE6FE-64B8-473F-AF72-4016A2EAE763}.Debug|Any CPU.ActiveCfg = Debug|Any CPU
		{41ECE6FE-64B8-473F-AF72-4016A2EAE763}.Debug|Any CPU.Build.0 = Debug|Any CPU
		{41ECE6FE-64B8-473F-AF72-4016A2EAE763}.Release|Any CPU.ActiveCfg = Release|Any CPU
		{41ECE6FE-64B8-473F-AF72-4016A2EAE763}.Release|Any CPU.Build.0 = Release|Any CPU
	EndGlobalSection
	GlobalSection(SolutionProperties) = preSolution
		HideSolutionNode = FALSE
	EndGlobalSection
	GlobalSection(ExtensibilityGlobals) = postSolution
		SolutionGuid = {A6938996-7EB4-4F33-9115-5B9AA52E329D}
	EndGlobalSection
EndGlobal
